
Microsoft Visual Studio Solution File, Format Version 12.00
# Visual Studio Version 17
VisualStudioVersion = 17.10.35013.160
MinimumVisualStudioVersion = 10.0.40219.1
Project("{9A19103F-16F7-4668-BE54-9A1E7A4F7556}") = "MIYO.Weather", "MIYO.Weather.csproj", "{31322F34-10FE-4888-93E5-ED6751950930}"
EndProject
Global
	GlobalSection(SolutionConfigurationPlatforms) = preSolution
		Debug|Any CPU = Debug|Any CPU
		Release|Any CPU = Release|Any CPU
	EndGlobalSection
	GlobalSection(ProjectConfigurationPlatforms) = postSolution
		{31322F34-10FE-4888-93E5-ED6751950930}.Debug|Any CPU.ActiveCfg = Debug|Any CPU
		{31322F34-10FE-4888-93E5-ED6751950930}.Debug|Any CPU.Build.0 = Debug|Any CPU
		{31322F34-10FE-4888-93E5-ED6751950930}.Release|Any CPU.ActiveCfg = Release|Any CPU
		{31322F34-10FE-4888-93E5-ED6751950930}.Release|Any CPU.Build.0 = Release|Any CPU
	EndGlobalSection
	GlobalSection(SolutionProperties) = preSolution
		HideSolutionNode = FALSE
	EndGlobalSection
	GlobalSection(ExtensibilityGlobals) = postSolution
		SolutionGuid = {603BF1D9-23C2-42D3-845E-963F18E2114C}
	EndGlobalSection
EndGlobal
